{
  "name": "@oplayer-examples/standalone",
  "version": "1.0.0",
  "lockfileVersion": 3,
  "requires": true,
  "packages": {
    "": {
      "name": "@oplayer-examples/standalone",
      "version": "1.0.0",
      "license": "MIT",
      "dependencies": {
        "@oplayer/core": "file:../../packages/core",
        "@oplayer/danmaku": "file:../../packages/danmaku",
        "@oplayer/dash": "file:../../packages/dash",
        "@oplayer/hls": "file:../../packages/hls",
        "@oplayer/mpegts": "file:../../packages/mpegts",
        "@oplayer/plugins": "file:../../packages/plugins",
        "@oplayer/shaka": "file:../../packages/shaka",
        "@oplayer/torrent": "file:../../packages/torrent",
        "@oplayer/ui": "file:../../packages/ui",
        "dashjs": "^4.6.0",
        "hls.js": "^1.5.15",
        "lit": "^2.8.0",
        "shaka-player": "^4.14.1"
      }
    },
    "../../packages/core": {
      "name": "@oplayer/core",
      "version": "1.2.38-beta.2",
      "license": "MIT"
    },
    "../../packages/danmaku": {
      "name": "@oplayer/danmaku",
      "version": "1.2.26-beta.0",
      "license": "MIT",
      "dependencies": {
        "danmaku": "2.0.7"
      },
      "devDependencies": {
        "@oplayer/core": "workspace:*"
      },
      "peerDependencies": {
        "@oplayer/core": ">=1.0.0"
      }
    },
    "../../packages/dash": {
      "name": "@oplayer/dash",
      "version": "1.2.27-beta.2",
      "license": "MIT",
      "devDependencies": {
        "@oplayer/core": "workspace:*",
        "dashjs": "^4.7.4"
      },
      "peerDependencies": {
        "@oplayer/core": ">=1.0.0",
        "dashjs": ">=2.0.0"
      }
    },
    "../../packages/hls": {
      "name": "@oplayer/hls",
      "version": "1.2.28-beta.1",
      "license": "MIT",
      "devDependencies": {
        "@oplayer/core": "workspace:*",
        "hls.js": "^1.5.20"
      },
      "peerDependencies": {
        "@oplayer/core": ">=1.0.0",
        "hls.js": "*"
      }
    },
    "../../packages/mpegts": {
      "name": "@oplayer/mpegts",
      "version": "1.2.26-beta.0",
      "license": "MIT",
      "devDependencies": {
        "@oplayer/core": "workspace:*",
        "mpegts.js": "^1.8.0"
      },
      "peerDependencies": {
        "@oplayer/core": ">=1.0.0",
        "mpegts.js": "*"
      }
    },
    "../../packages/plugins": {
      "name": "@oplayer/plugins",
      "version": "1.0.15-beta.3",
      "license": "MIT",
      "devDependencies": {
        "@oplayer/core": "workspace:*",
        "@oplayer/ui": "workspace:*",
        "@types/chromecast-caf-sender": "^1.0.11",
        "chokidar": "^3.6.0",
        "glob": "^10.4.5",
        "m3u8-parser": "^7.2.0",
        "vite-plugin-css-injected-by-js": "^3.5.2"
      },
      "peerDependencies": {
        "@oplayer/core": ">=1.0.0",
        "@oplayer/ui": ">=1.0.0",
        "m3u8-parser": "^7.1.0"
      }
    },
    "../../packages/shaka": {
      "version": "1.2.28-beta.1",
      "license": "MIT",
      "devDependencies": {
        "@oplayer/core": "workspace:*",
        "shaka-player": "^4.14.1"
      },
      "peerDependencies": {
        "@oplayer/core": ">=1.0.0",
        "shaka-player": "^3"
      }
    },
    "../../packages/torrent": {
      "name": "@oplayer/torrent",
      "version": "1.2.25-beta.2",
      "license": "MIT",
      "devDependencies": {
        "@oplayer/core": "workspace:*",
        "@types/webtorrent": "^0.109.10",
        "webtorrent": "0.98.18"
      },
      "peerDependencies": {
        "@oplayer/core": ">=1.0.0",
        "@types/webtorrent": "^0.109.8",
        "webtorrent": "0.98.18"
      }
    },
    "../../packages/ui": {
      "name": "@oplayer/ui",
      "version": "1.3.4-beta.3",
      "license": "MIT",
      "devDependencies": {
        "@oplayer/core": "workspace:*"
      },
      "peerDependencies": {
        "@oplayer/core": ">=1.0.0"
      }
    },
    "node_modules/@lit-labs/ssr-dom-shim": {
      "version": "1.2.1",
      "resolved": "https://registry.npmjs.org/@lit-labs/ssr-dom-shim/-/ssr-dom-shim-1.2.1.tgz",
      "integrity": "sha512-wx4aBmgeGvFmOKucFKY+8VFJSYZxs9poN3SDNQFF6lT6NrQUnHiPB2PWz2sc4ieEcAaYYzN+1uWahEeTq2aRIQ=="
    },
    "node_modules/@lit/reactive-element": {
      "version": "1.6.3",
      "resolved": "https://registry.npmjs.org/@lit/reactive-element/-/reactive-element-1.6.3.tgz",
      "integrity": "sha512-QuTgnG52Poic7uM1AN5yJ09QMe0O28e10XzSvWDz02TJiiKee4stsiownEIadWm8nYzyDAyT+gKzUoZmiWQtsQ==",
      "dependencies": {
        "@lit-labs/ssr-dom-shim": "^1.0.0"
      }
    },
    "node_modules/@oplayer/core": {
      "resolved": "../../packages/core",
      "link": true
    },
    "node_modules/@oplayer/danmaku": {
      "resolved": "../../packages/danmaku",
      "link": true
    },
    "node_modules/@oplayer/dash": {
      "resolved": "../../packages/dash",
      "link": true
    },
    "node_modules/@oplayer/hls": {
      "resolved": "../../packages/hls",
      "link": true
    },
    "node_modules/@oplayer/mpegts": {
      "resolved": "../../packages/mpegts",
      "link": true
    },
    "node_modules/@oplayer/plugins": {
      "resolved": "../../packages/plugins",
      "link": true
    },
    "node_modules/@oplayer/shaka": {
      "resolved": "../../packages/shaka",
      "link": true
    },
    "node_modules/@oplayer/torrent": {
      "resolved": "../../packages/torrent",
      "link": true
    },
    "node_modules/@oplayer/ui": {
      "resolved": "../../packages/ui",
      "link": true
    },
    "node_modules/@types/trusted-types": {
      "version": "2.0.7",
      "resolved": "https://registry.npmjs.org/@types/trusted-types/-/trusted-types-2.0.7.tgz",
      "integrity": "sha512-ScaPdn1dQczgbl0QFTeTOmVHFULt394XJgOQNoyVhZ6r2vLnMLJfBPd53SB52T/3G36VI1/g2MZaX0cwDuXsfw=="
    },
    "node_modules/bcp-47": {
      "version": "1.0.8",
      "resolved": "https://registry.npmjs.org/bcp-47/-/bcp-47-1.0.8.tgz",
      "integrity": "sha512-Y9y1QNBBtYtv7hcmoX0tR+tUNSFZGZ6OL6vKPObq8BbOhkCoyayF6ogfLTgAli/KuAEbsYHYUNq2AQuY6IuLag==",
      "dependencies": {
        "is-alphabetical": "^1.0.0",
        "is-alphanumerical": "^1.0.0",
        "is-decimal": "^1.0.0"
      },
      "funding": {
        "type": "github",
        "url": "https://github.com/sponsors/wooorm"
      }
    },
    "node_modules/bcp-47-match": {
      "version": "1.0.3",
      "resolved": "https://registry.npmjs.org/bcp-47-match/-/bcp-47-match-1.0.3.tgz",
      "integrity": "sha512-LggQ4YTdjWQSKELZF5JwchnBa1u0pIQSZf5lSdOHEdbVP55h0qICA/FUp3+W99q0xqxYa1ZQizTUH87gecII5w==",
      "funding": {
        "type": "github",
        "url": "https://github.com/sponsors/wooorm"
      }
    },
    "node_modules/bcp-47-normalize": {
      "version": "1.1.1",
      "resolved": "https://registry.npmjs.org/bcp-47-normalize/-/bcp-47-normalize-1.1.1.tgz",
      "integrity": "sha512-jWZ1Jdu3cs0EZdfCkS0UE9Gg01PtxnChjEBySeB+Zo6nkqtFfnvtoQQgP1qU1Oo4qgJgxhTI6Sf9y/pZIhPs0A==",
      "dependencies": {
        "bcp-47": "^1.0.0",
        "bcp-47-match": "^1.0.0"
      },
      "funding": {
        "type": "github",
        "url": "https://github.com/sponsors/wooorm"
      }
    },
    "node_modules/codem-isoboxer": {
      "version": "0.3.9",
      "resolved": "https://registry.npmjs.org/codem-isoboxer/-/codem-isoboxer-0.3.9.tgz",
      "integrity": "sha512-4XOTqEzBWrGOZaMd+sTED2hLpzfBbiQCf1W6OBGkIHqk1D8uwy8WFLazVbdQwfDpQ+vf39lqTGPa9IhWW0roTA=="
    },
    "node_modules/dashjs": {
      "version": "4.7.4",
      "resolved": "https://registry.npmjs.org/dashjs/-/dashjs-4.7.4.tgz",
      "integrity": "sha512-+hldo25QPP3H/NOwqUrvt4uKdMse60/Gsz9AUAnoYfhga8qHWq4nWiojUosOiigbigkDTCAn9ORcvUaKCvmfCA==",
      "dependencies": {
        "bcp-47-match": "^1.0.3",
        "bcp-47-normalize": "^1.1.1",
        "codem-isoboxer": "0.3.9",
        "es6-promise": "^4.2.8",
        "fast-deep-equal": "2.0.1",
        "html-entities": "^1.2.1",
        "imsc": "^1.1.5",
        "localforage": "^1.7.1",
        "path-browserify": "^1.0.1",
        "ua-parser-js": "^1.0.37"
      }
    },
    "node_modules/eme-encryption-scheme-polyfill": {
      "version": "2.2.1",
      "resolved": "https://registry.npmjs.org/eme-encryption-scheme-polyfill/-/eme-encryption-scheme-polyfill-2.2.1.tgz",
      "integrity": "sha512-GzgrLuZPYGijd8oaKuBqYv3Tc2oruDZM3V2982KOuy/PA1N3zwMe+/oIXJYfZ3BH3PwW5nONdBBE+VY6jlwbrw=="
    },
    "node_modules/es6-promise": {
      "version": "4.2.8",
      "resolved": "https://registry.npmjs.org/es6-promise/-/es6-promise-4.2.8.tgz",
      "integrity": "sha512-HJDGx5daxeIvxdBxvG2cb9g4tEvwIk3i8+nhX0yGrYmZUzbkdg8QbDevheDB8gd0//uPj4c1EQua8Q+MViT0/w=="
    },
    "node_modules/fast-deep-equal": {
      "version": "2.0.1",
      "resolved": "https://registry.npmjs.org/fast-deep-equal/-/fast-deep-equal-2.0.1.tgz",
      "integrity": "sha512-bCK/2Z4zLidyB4ReuIsvALH6w31YfAQDmXMqMx6FyfHqvBxtjC0eRumeSu4Bs3XtXwpyIywtSTrVT99BxY1f9w=="
    },
    "node_modules/hls.js": {
      "version": "1.5.15",
      "resolved": "https://registry.npmjs.org/hls.js/-/hls.js-1.5.15.tgz",
      "integrity": "sha512-6cD7xN6bycBHaXz2WyPIaHn/iXFizE5au2yvY5q9aC4wfihxAr16C9fUy4nxh2a3wOw0fEgLRa9dN6wsYjlpNg=="
    },
    "node_modules/html-entities": {
      "version": "1.4.0",
      "resolved": "https://registry.npmjs.org/html-entities/-/html-entities-1.4.0.tgz",
      "integrity": "sha512-8nxjcBcd8wovbeKx7h3wTji4e6+rhaVuPNpMqwWgnHh+N9ToqsCs6XztWRBPQ+UtzsoMAdKZtUENoVzU/EMtZA=="
    },
    "node_modules/immediate": {
      "version": "3.0.6",
      "resolved": "https://registry.npmjs.org/immediate/-/immediate-3.0.6.tgz",
      "integrity": "sha512-XXOFtyqDjNDAQxVfYxuF7g9Il/IbWmmlQg2MYKOH8ExIT1qg6xc4zyS3HaEEATgs1btfzxq15ciUiY7gjSXRGQ=="
    },
    "node_modules/imsc": {
      "version": "1.1.5",
      "resolved": "https://registry.npmjs.org/imsc/-/imsc-1.1.5.tgz",
      "integrity": "sha512-V8je+CGkcvGhgl2C1GlhqFFiUOIEdwXbXLiu1Fcubvvbo+g9inauqT3l0pNYXGoLPBj3jxtZz9t+wCopMkwadQ==",
      "dependencies": {
        "sax": "1.2.1"
      }
    },
    "node_modules/is-alphabetical": {
      "version": "1.0.4",
      "resolved": "https://registry.npmjs.org/is-alphabetical/-/is-alphabetical-1.0.4.tgz",
      "integrity": "sha512-DwzsA04LQ10FHTZuL0/grVDk4rFoVH1pjAToYwBrHSxcrBIGQuXrQMtD5U1b0U2XVgKZCTLLP8u2Qxqhy3l2Vg==",
      "funding": {
        "type": "github",
        "url": "https://github.com/sponsors/wooorm"
      }
    },
    "node_modules/is-alphanumerical": {
      "version": "1.0.4",
      "resolved": "https://registry.npmjs.org/is-alphanumerical/-/is-alphanumerical-1.0.4.tgz",
      "integrity": "sha512-UzoZUr+XfVz3t3v4KyGEniVL9BDRoQtY7tOyrRybkVNjDFWyo1yhXNGrrBTQxp3ib9BLAWs7k2YKBQsFRkZG9A==",
      "dependencies": {
        "is-alphabetical": "^1.0.0",
        "is-decimal": "^1.0.0"
      },
      "funding": {
        "type": "github",
        "url": "https://github.com/sponsors/wooorm"
      }
    },
    "node_modules/is-decimal": {
      "version": "1.0.4",
      "resolved": "https://registry.npmjs.org/is-decimal/-/is-decimal-1.0.4.tgz",
      "integrity": "sha512-RGdriMmQQvZ2aqaQq3awNA6dCGtKpiDFcOzrTWrDAT2MiWrKQVPmxLGHl7Y2nNu6led0kEyoX0enY0qXYsv9zw==",
      "funding": {
        "type": "github",
        "url": "https://github.com/sponsors/wooorm"
      }
    },
    "node_modules/lie": {
      "version": "3.1.1",
      "resolved": "https://registry.npmjs.org/lie/-/lie-3.1.1.tgz",
      "integrity": "sha512-RiNhHysUjhrDQntfYSfY4MU24coXXdEOgw9WGcKHNeEwffDYbF//u87M1EWaMGzuFoSbqW0C9C6lEEhDOAswfw==",
      "dependencies": {
        "immediate": "~3.0.5"
      }
    },
    "node_modules/lit": {
      "version": "2.8.0",
      "resolved": "https://registry.npmjs.org/lit/-/lit-2.8.0.tgz",
      "integrity": "sha512-4Sc3OFX9QHOJaHbmTMk28SYgVxLN3ePDjg7hofEft2zWlehFL3LiAuapWc4U/kYwMYJSh2hTCPZ6/LIC7ii0MA==",
      "dependencies": {
        "@lit/reactive-element": "^1.6.0",
        "lit-element": "^3.3.0",
        "lit-html": "^2.8.0"
      }
    },
    "node_modules/lit-element": {
      "version": "3.3.3",
      "resolved": "https://registry.npmjs.org/lit-element/-/lit-element-3.3.3.tgz",
      "integrity": "sha512-XbeRxmTHubXENkV4h8RIPyr8lXc+Ff28rkcQzw3G6up2xg5E8Zu1IgOWIwBLEQsu3cOVFqdYwiVi0hv0SlpqUA==",
      "dependencies": {
        "@lit-labs/ssr-dom-shim": "^1.1.0",
        "@lit/reactive-element": "^1.3.0",
        "lit-html": "^2.8.0"
      }
    },
    "node_modules/lit-html": {
      "version": "2.8.0",
      "resolved": "https://registry.npmjs.org/lit-html/-/lit-html-2.8.0.tgz",
      "integrity": "sha512-o9t+MQM3P4y7M7yNzqAyjp7z+mQGa4NS4CxiyLqFPyFWyc4O+nodLrkrxSaCTrla6M5YOLaT3RpbbqjszB5g3Q==",
      "dependencies": {
        "@types/trusted-types": "^2.0.2"
      }
    },
    "node_modules/localforage": {
      "version": "1.10.0",
      "resolved": "https://registry.npmjs.org/localforage/-/localforage-1.10.0.tgz",
      "integrity": "sha512-14/H1aX7hzBBmmh7sGPd+AOMkkIrHM3Z1PAyGgZigA1H1p5O5ANnMyWzvpAETtG68/dC4pC0ncy3+PPGzXZHPg==",
      "dependencies": {
        "lie": "3.1.1"
      }
    },
    "node_modules/path-browserify": {
      "version": "1.0.1",
      "resolved": "https://registry.npmjs.org/path-browserify/-/path-browserify-1.0.1.tgz",
      "integrity": "sha512-b7uo2UCUOYZcnF/3ID0lulOJi/bafxa1xPe7ZPsammBSpjSWQkjNxlt635YGS2MiR9GjvuXCtz2emr3jbsz98g=="
    },
    "node_modules/sax": {
      "version": "1.2.1",
      "resolved": "https://registry.npmjs.org/sax/-/sax-1.2.1.tgz",
      "integrity": "sha512-8I2a3LovHTOpm7NV5yOyO8IHqgVsfK4+UuySrXU8YXkSRX7k6hCV9b3HrkKCr3nMpgj+0bmocaJJWpvp1oc7ZA=="
    },
    "node_modules/shaka-player": {
      "version": "4.14.1",
      "resolved": "https://registry.npmjs.org/shaka-player/-/shaka-player-4.14.1.tgz",
      "integrity": "sha512-3LF0RXtAFZH7maTtGVojxUnIxn3P4kJy5Nlt/Pa1Aq/wJo2gKFNzOuBxNujZm7MWNTmmPwQFewnobr7f5KEt+Q==",
      "dependencies": {
        "eme-encryption-scheme-polyfill": "^2.2.1"
      },
      "engines": {
        "node": ">=18"
      }
    },
    "node_modules/ua-parser-js": {
      "version": "1.0.39",
      "resolved": "https://registry.npmjs.org/ua-parser-js/-/ua-parser-js-1.0.39.tgz",
      "integrity": "sha512-k24RCVWlEcjkdOxYmVJgeD/0a1TiSpqLg+ZalVGV9lsnr4yqu0w7tX/x2xX6G4zpkgQnRf89lxuZ1wsbjXM8lw==",
      "funding": [
        {
          "type": "opencollective",
          "url": "https://opencollective.com/ua-parser-js"
        },
        {
          "type": "paypal",
          "url": "https://paypal.me/faisalman"
        },
        {
          "type": "github",
          "url": "https://github.com/sponsors/faisalman"
        }
      ],
      "bin": {
        "ua-parser-js": "script/cli.js"
      },
      "engines": {
        "node": "*"
      }
    }
  }
}
