{
  "name": "@oplayer-examples/react",
  "version": "1.0.0",
  "lockfileVersion": 2,
  "requires": true,
  "packages": {
    "": {
      "name": "@oplayer-examples/react",
      "version": "1.0.0",
      "license": "MIT",
      "dependencies": {
        "@oplayer/core": "file:../../packages/core",
        "@oplayer/danmaku": "file:../../packages/danmaku",
        "@oplayer/dash": "file:../../packages/dash",
        "@oplayer/hls": "file:../../packages/hls",
        "@oplayer/mpegts": "file:../../packages/mpegts",
        "@oplayer/plugins": "file:../../packages/plugins",
        "@oplayer/react": "file:../../packages/react",
        "@oplayer/ui": "file:../../packages/ui",
        "@types/react": "^18.0.35",
        "@types/react-dom": "^18.0.11",
        "react": "^18.2.0",
        "react-dom": "^18.2.0"
      }
    },
    "../../node_modules/.pnpm/@types+react@18.2.6/node_modules/@types/react": {
      "version": "18.2.6",
      "extraneous": true,
      "license": "MIT",
      "dependencies": {
        "@types/prop-types": "*",
        "@types/scheduler": "*",
        "csstype": "^3.0.2"
      }
    },
    "../../node_modules/.pnpm/chokidar@3.5.3/node_modules/chokidar": {
      "version": "3.5.3",
      "dev": true,
      "funding": [
        {
          "type": "individual",
          "url": "https://paulmillr.com/funding/"
        }
      ],
      "license": "MIT",
      "dependencies": {
        "anymatch": "~3.1.2",
        "braces": "~3.0.2",
        "glob-parent": "~5.1.2",
        "is-binary-path": "~2.1.0",
        "is-glob": "~4.0.1",
        "normalize-path": "~3.0.0",
        "readdirp": "~3.6.0"
      },
      "devDependencies": {
        "@types/node": "^14",
        "chai": "^4.3",
        "dtslint": "^3.3.0",
        "eslint": "^7.0.0",
        "mocha": "^7.0.0",
        "nyc": "^15.0.0",
        "rimraf": "^3.0.0",
        "sinon": "^9.0.1",
        "sinon-chai": "^3.3.0",
        "typescript": "~4.4.3",
        "upath": "^1.2.0"
      },
      "engines": {
        "node": ">= 8.10.0"
      },
      "optionalDependencies": {
        "fsevents": "~2.3.2"
      }
    },
    "../../node_modules/.pnpm/danmaku@2.0.6/node_modules/danmaku": {
      "version": "2.0.6",
      "license": "MIT",
      "devDependencies": {
        "@rollup/plugin-replace": "^2.3.3",
        "chai": "4.2.0",
        "es6-promise": "^4.2.8",
        "eslint": "^7.6.0",
        "karma": "^5.1.1",
        "karma-chai": "^0.1.0",
        "karma-chrome-launcher": "^3.1.0",
        "karma-coverage": "^2.0.3",
        "karma-mocha": "^2.0.1",
        "karma-rollup-preprocessor": "^7.0.5",
        "karma-sauce-launcher": "^1.2.0",
        "mocha": "^4.1.0",
        "rollup": "^2.23.0",
        "rollup-plugin-istanbul": "^2.0.1",
        "rollup-plugin-terser": "^6.1.0"
      }
    },
    "../../node_modules/.pnpm/dashjs@4.7.0/node_modules/dashjs": {
      "version": "4.7.0",
      "dev": true,
      "license": "BSD-3-Clause",
      "dependencies": {
        "bcp-47-match": "^1.0.3",
        "bcp-47-normalize": "^1.1.1",
        "codem-isoboxer": "0.3.9",
        "es6-promise": "^4.2.8",
        "fast-deep-equal": "2.0.1",
        "html-entities": "^1.2.1",
        "imsc": "^1.1.3",
        "localforage": "^1.7.1",
        "path-browserify": "^1.0.1",
        "ua-parser-js": "^1.0.2"
      },
      "devDependencies": {
        "@babel/core": "^7.13.8",
        "@babel/eslint-parser": "^7.13.14",
        "@babel/preset-env": "^7.13.12",
        "babel": "^5.3.1",
        "babel-eslint": "^10.1.0",
        "babel-loader": "^8.2.2",
        "babel-preset-env": "^1.7.0",
        "chai": "^3.4.1",
        "chai-spies": "^1.0.0",
        "eslint": "^7.23.0",
        "eslint-webpack-plugin": "^2.5.3",
        "ftp-deploy": "^2.4.1",
        "ink-docstrap": "^1.3.2",
        "intern": "^4.9.1",
        "jsdoc": "^3.6.7",
        "karma": "^6.4.1",
        "karma-chai": "^0.1.0",
        "karma-chrome-launcher": "^3.1.1",
        "karma-coverage": "^2.2.0",
        "karma-firefox-launcher": "^2.1.2",
        "karma-mocha": "^2.0.1",
        "karma-mocha-reporter": "^2.2.5",
        "karma-sourcemap-loader": "^0.3.8",
        "karma-webpack": "^5.0.0",
        "mocha": "^10.1.0",
        "replace-in-file": "^6.2.0",
        "rimraf": "^3.0.2",
        "sinon": "^7.3.2",
        "stream-browserify": "^3.0.0",
        "string-replace-loader": "^3.0.1",
        "typescript": "^4.1.5",
        "webpack": "^5.75.0",
        "webpack-cli": "^5.0.1",
        "webpack-dev-server": "^4.11.1",
        "webpack-merge": "^5.7.3",
        "yargs": "16.0.3"
      }
    },
    "../../node_modules/.pnpm/glob@10.2.5/node_modules/glob": {
      "version": "10.2.5",
      "dev": true,
      "license": "ISC",
      "dependencies": {
        "foreground-child": "^3.1.0",
        "jackspeak": "^2.0.3",
        "minimatch": "^9.0.0",
        "minipass": "^5.0.0 || ^6.0.2",
        "path-scurry": "^1.7.0"
      },
      "bin": {
        "glob": "dist/cjs/src/bin.js"
      },
      "devDependencies": {
        "@types/node": "^18.11.18",
        "@types/tap": "^15.0.7",
        "c8": "^7.12.0",
        "memfs": "^3.4.13",
        "mkdirp": "^2.1.4",
        "prettier": "^2.8.3",
        "rimraf": "^4.1.3",
        "tap": "^16.3.4",
        "ts-node": "^10.9.1",
        "typedoc": "^0.23.24",
        "typescript": "^4.9.4"
      },
      "engines": {
        "node": ">=16 || 14 >=14.17"
      },
      "funding": {
        "url": "https://github.com/sponsors/isaacs"
      }
    },
    "../../node_modules/.pnpm/hls.js@1.4.3/node_modules/hls.js": {
      "version": "1.4.3",
      "dev": true,
      "license": "Apache-2.0",
      "devDependencies": {
        "@babel/core": "7.21.8",
        "@babel/helper-module-imports": "7.21.4",
        "@babel/plugin-proposal-class-properties": "7.18.6",
        "@babel/plugin-proposal-object-rest-spread": "7.20.7",
        "@babel/plugin-proposal-optional-chaining": "7.21.0",
        "@babel/plugin-transform-object-assign": "7.18.6",
        "@babel/preset-env": "7.21.5",
        "@babel/preset-typescript": "7.21.5",
        "@babel/register": "7.21.0",
        "@microsoft/api-documenter": "7.22.4",
        "@microsoft/api-extractor": "7.34.8",
        "@rollup/plugin-alias": "5.0.0",
        "@rollup/plugin-babel": "6.0.3",
        "@rollup/plugin-commonjs": "24.1.0",
        "@rollup/plugin-node-resolve": "15.0.2",
        "@rollup/plugin-replace": "5.0.2",
        "@rollup/plugin-terser": "0.4.1",
        "@rollup/plugin-typescript": "11.1.0",
        "@types/chai": "4.3.5",
        "@types/chart.js": "2.9.37",
        "@types/mocha": "10.0.1",
        "@types/sinon-chai": "3.2.9",
        "@typescript-eslint/eslint-plugin": "5.59.2",
        "@typescript-eslint/parser": "5.59.2",
        "babel-loader": "9.1.2",
        "babel-plugin-transform-remove-console": "6.9.4",
        "chai": "4.3.7",
        "chart.js": "2.9.4",
        "chromedriver": "112.0.1",
        "doctoc": "2.2.1",
        "es-check": "7.1.1",
        "eslint": "8.39.0",
        "eslint-config-prettier": "8.8.0",
        "eslint-plugin-import": "2.27.5",
        "eslint-plugin-mocha": "10.1.0",
        "eslint-plugin-node": "11.1.0",
        "eslint-plugin-promise": "6.1.1",
        "eventemitter3": "5.0.1",
        "http-server": "14.1.1",
        "husky": "8.0.3",
        "jsonpack": "1.1.5",
        "karma": "6.4.2",
        "karma-chrome-launcher": "3.2.0",
        "karma-coverage": "2.2.0",
        "karma-mocha": "2.0.1",
        "karma-mocha-reporter": "2.2.5",
        "karma-rollup-preprocessor": "7.0.8",
        "karma-sinon-chai": "2.0.2",
        "karma-sourcemap-loader": "0.4.0",
        "lint-staged": "13.2.2",
        "markdown-styles": "3.2.0",
        "micromatch": "4.0.5",
        "mocha": "10.2.0",
        "node-fetch": "3.3.1",
        "npm-run-all": "4.1.5",
        "prettier": "2.8.8",
        "promise-polyfill": "8.3.0",
        "rollup": "3.21.5",
        "rollup-plugin-istanbul": "4.0.0",
        "sauce-connect-launcher": "1.3.2",
        "selenium-webdriver": "4.9.0",
        "semver": "7.5.0",
        "sinon": "15.0.4",
        "sinon-chai": "3.7.0",
        "typescript": "5.0.4",
        "url-toolkit": "2.2.5",
        "wrangler": "2.20.0"
      }
    },
    "../../node_modules/.pnpm/mpegts.js@1.7.3/node_modules/mpegts.js": {
      "version": "1.7.3",
      "dev": true,
      "license": "Apache-2.0",
      "dependencies": {
        "es6-promise": "^4.2.5",
        "webworkify-webpack": "^2.1.5"
      },
      "devDependencies": {
        "@types/express-serve-static-core": "4.17.30",
        "@types/node": "^10.12.18",
        "@typescript-eslint/eslint-plugin": "^1.4.2",
        "@typescript-eslint/parser": "^1.4.2",
        "@webpack-cli/serve": "^1.7.0",
        "browser-sync": "^2.26.10",
        "eslint": "^5.15.0",
        "exports-loader": "^0.7.0",
        "file-loader": "^3.0.1",
        "loader-utils": ">=1.4.1",
        "minimist": ">=1.2.6",
        "socket.io-parser": ">=3.3.3",
        "source-map-loader": "^0.2.4",
        "ssri": ">=8.0.1",
        "terser-webpack-plugin": "^1.2.3",
        "ts-loader": "^5.3.2",
        "typescript": "^3.2.2",
        "webpack": "^4.28.3",
        "webpack-cli": "^4.4.0",
        "webpack-dev-server": "^4.9.3",
        "ws": ">=7.4.6",
        "xmlhttprequest-ssl": ">=1.6.2"
      }
    },
    "../../node_modules/.pnpm/react-dom@18.2.0_react@18.2.0/node_modules/react-dom": {
      "version": "18.2.0",
      "extraneous": true,
      "license": "MIT",
      "dependencies": {
        "loose-envify": "^1.1.0",
        "scheduler": "^0.23.0"
      },
      "peerDependencies": {
        "react": "^18.2.0"
      }
    },
    "../../node_modules/.pnpm/react@18.2.0/node_modules/react": {
      "version": "18.2.0",
      "license": "MIT",
      "dependencies": {
        "loose-envify": "^1.1.0"
      },
      "engines": {
        "node": ">=0.10.0"
      }
    },
    "../../node_modules/.pnpm/vite-plugin-css-injected-by-js@3.1.1_vite@4.3.8/node_modules/vite-plugin-css-injected-by-js": {
      "version": "3.1.1",
      "dev": true,
      "license": "MIT",
      "devDependencies": {
        "@types/node": "^18.11.15",
        "@vitest/coverage-istanbul": "^0.27.2",
        "happy-dom": "^8.1.3",
        "prettier": "^2.8.1",
        "typescript": "^4.9.4",
        "vite": "^4.0.1",
        "vitest": "^0.27.0"
      },
      "peerDependencies": {
        "vite": ">2.0.0-0"
      }
    },
    "../../packages/core": {
      "name": "@oplayer/core",
      "version": "1.2.31",
      "license": "MIT"
    },
    "../../packages/danmaku": {
      "name": "@oplayer/danmaku",
      "version": "1.2.24",
      "license": "MIT",
      "dependencies": {
        "danmaku": "^2.0.6"
      },
      "devDependencies": {
        "@oplayer/core": "workspace:*"
      },
      "peerDependencies": {
        "@oplayer/core": ">=1.0.0"
      }
    },
    "../../packages/danmaku/node_modules/@oplayer/core": {
      "resolved": "../../packages/core",
      "link": true
    },
    "../../packages/danmaku/node_modules/danmaku": {
      "resolved": "../../node_modules/.pnpm/danmaku@2.0.6/node_modules/danmaku",
      "link": true
    },
    "../../packages/dash": {
      "name": "@oplayer/dash",
      "version": "1.2.23",
      "license": "MIT",
      "devDependencies": {
        "@oplayer/core": "workspace:*",
        "dashjs": "^4.7.2"
      },
      "peerDependencies": {
        "@oplayer/core": ">=1.0.0",
        "dashjs": ">=2.0.0"
      }
    },
    "../../packages/dash/node_modules/@oplayer/core": {
      "resolved": "../../packages/core",
      "link": true
    },
    "../../packages/dash/node_modules/dashjs": {
      "resolved": "../../node_modules/.pnpm/dashjs@4.7.0/node_modules/dashjs",
      "link": true
    },
    "../../packages/hls": {
      "name": "@oplayer/hls",
      "version": "1.2.23",
      "license": "MIT",
      "devDependencies": {
        "@oplayer/core": "workspace:*",
        "hls.js": "^1.4.12"
      },
      "peerDependencies": {
        "@oplayer/core": ">=1.0.0",
        "hls.js": "*"
      }
    },
    "../../packages/hls/node_modules/@oplayer/core": {
      "resolved": "../../packages/core",
      "link": true
    },
    "../../packages/hls/node_modules/hls.js": {
      "resolved": "../../node_modules/.pnpm/hls.js@1.4.3/node_modules/hls.js",
      "link": true
    },
    "../../packages/mpegts": {
      "name": "@oplayer/mpegts",
      "version": "1.2.23",
      "license": "MIT",
      "devDependencies": {
        "@oplayer/core": "workspace:*",
        "mpegts.js": "^1.7.3"
      },
      "peerDependencies": {
        "@oplayer/core": ">=1.0.0",
        "mpegts.js": "*"
      }
    },
    "../../packages/mpegts/node_modules/@oplayer/core": {
      "resolved": "../../packages/core",
      "link": true
    },
    "../../packages/mpegts/node_modules/mpegts.js": {
      "resolved": "../../node_modules/.pnpm/mpegts.js@1.7.3/node_modules/mpegts.js",
      "link": true
    },
    "../../packages/plugins": {
      "name": "@oplayer/plugins",
      "version": "1.0.9-playlist.0",
      "license": "ISC",
      "devDependencies": {
        "@oplayer/core": "workspace:*",
        "@oplayer/ui": "workspace:*",
        "@types/chromecast-caf-sender": "^1.0.7",
        "chokidar": "^3.5.3",
        "glob": "^10.3.10",
        "m3u8-parser": "^7.1.0",
        "vite-plugin-css-injected-by-js": "^3.3.0"
      },
      "peerDependencies": {
        "@oplayer/core": ">=1.0.0"
      }
    },
    "../../packages/plugins/node_modules/@oplayer/core": {
      "resolved": "../../packages/core",
      "link": true
    },
    "../../packages/plugins/node_modules/@oplayer/ui": {
      "resolved": "../../packages/ui",
      "link": true
    },
    "../../packages/plugins/node_modules/chokidar": {
      "resolved": "../../node_modules/.pnpm/chokidar@3.5.3/node_modules/chokidar",
      "link": true
    },
    "../../packages/plugins/node_modules/glob": {
      "resolved": "../../node_modules/.pnpm/glob@10.2.5/node_modules/glob",
      "link": true
    },
    "../../packages/plugins/node_modules/vite-plugin-css-injected-by-js": {
      "resolved": "../../node_modules/.pnpm/vite-plugin-css-injected-by-js@3.1.1_vite@4.3.8/node_modules/vite-plugin-css-injected-by-js",
      "link": true
    },
    "../../packages/react": {
      "name": "@oplayer/react",
      "version": "1.2.9",
      "license": "MIT",
      "devDependencies": {
        "@oplayer/core": "workspace:*",
        "@types/react": "^18.2.31",
        "react": "^18.2.0",
        "react-dom": "^18.2.0"
      },
      "peerDependencies": {
        "@oplayer/core": ">=1",
        "react": ">=16",
        "react-dom": ">=16"
      }
    },
    "../../packages/torrent": {
      "name": "@oplayer/torrent",
      "version": "1.2.23",
      "extraneous": true,
      "license": "MIT",
      "devDependencies": {
        "@oplayer/core": "workspace:*",
        "webtorrent": "^2.0.18"
      },
      "peerDependencies": {
        "@oplayer/core": ">=1.0.0",
        "webtorrent": ">=2.0.16"
      }
    },
    "../../packages/ui": {
      "name": "@oplayer/ui",
      "version": "1.2.34-beta.3",
      "dev": true,
      "license": "MIT",
      "devDependencies": {
        "@oplayer/core": "workspace:*"
      },
      "peerDependencies": {
        "@oplayer/core": ">=1.0.0"
      }
    },
    "../../packages/ui/node_modules/@oplayer/core": {
      "resolved": "../../packages/core",
      "link": true
    },
    "node_modules/@oplayer/core": {
      "resolved": "../../packages/core",
      "link": true
    },
    "node_modules/@oplayer/danmaku": {
      "resolved": "../../packages/danmaku",
      "link": true
    },
    "node_modules/@oplayer/dash": {
      "resolved": "../../packages/dash",
      "link": true
    },
    "node_modules/@oplayer/hls": {
      "resolved": "../../packages/hls",
      "link": true
    },
    "node_modules/@oplayer/mpegts": {
      "resolved": "../../packages/mpegts",
      "link": true
    },
    "node_modules/@oplayer/plugins": {
      "resolved": "../../packages/plugins",
      "link": true
    },
    "node_modules/@oplayer/react": {
      "resolved": "../../packages/react",
      "link": true
    },
    "node_modules/@oplayer/ui": {
      "resolved": "../../packages/ui",
      "link": true
    },
    "node_modules/@types/prop-types": {
      "version": "15.7.5",
      "resolved": "https://registry.npmjs.org/@types/prop-types/-/prop-types-15.7.5.tgz",
      "integrity": "sha512-JCB8C6SnDoQf0cNycqd/35A7MjcnK+ZTqE7judS6o7utxUCg6imJg3QK2qzHKszlTjcj2cn+NwMB2i96ubpj7w=="
    },
    "node_modules/@types/react": {
      "version": "18.2.6",
      "resolved": "https://registry.npmjs.org/@types/react/-/react-18.2.6.tgz",
      "integrity": "sha512-wRZClXn//zxCFW+ye/D2qY65UsYP1Fpex2YXorHc8awoNamkMZSvBxwxdYVInsHOZZd2Ppq8isnSzJL5Mpf8OA==",
      "dependencies": {
        "@types/prop-types": "*",
        "@types/scheduler": "*",
        "csstype": "^3.0.2"
      }
    },
    "node_modules/@types/react-dom": {
      "version": "18.2.4",
      "resolved": "https://registry.npmjs.org/@types/react-dom/-/react-dom-18.2.4.tgz",
      "integrity": "sha512-G2mHoTMTL4yoydITgOGwWdWMVd8sNgyEP85xVmMKAPUBwQWm9wBPQUmvbeF4V3WBY1P7mmL4BkjQ0SqUpf1snw==",
      "dependencies": {
        "@types/react": "*"
      }
    },
    "node_modules/@types/scheduler": {
      "version": "0.16.3",
      "resolved": "https://registry.npmjs.org/@types/scheduler/-/scheduler-0.16.3.tgz",
      "integrity": "sha512-5cJ8CB4yAx7BH1oMvdU0Jh9lrEXyPkar6F9G/ERswkCuvP4KQZfZkSjcMbAICCpQTN4OuZn8tz0HiKv9TGZgrQ=="
    },
    "node_modules/csstype": {
      "version": "3.1.2",
      "resolved": "https://registry.npmjs.org/csstype/-/csstype-3.1.2.tgz",
      "integrity": "sha512-I7K1Uu0MBPzaFKg4nI5Q7Vs2t+3gWWW648spaF+Rg7pI9ds18Ugn+lvg4SHczUdKlHI5LWBXyqfS8+DufyBsgQ=="
    },
    "node_modules/js-tokens": {
      "version": "4.0.0",
      "resolved": "https://registry.npmjs.org/js-tokens/-/js-tokens-4.0.0.tgz",
      "integrity": "sha512-RdJUflcE3cUzKiMqQgsCu06FPu9UdIJO0beYbPhHN4k6apgJtifcoCtT9bcxOpYBtpD2kCM6Sbzg4CausW/PKQ=="
    },
    "node_modules/loose-envify": {
      "version": "1.4.0",
      "resolved": "https://registry.npmjs.org/loose-envify/-/loose-envify-1.4.0.tgz",
      "integrity": "sha512-lyuxPGr/Wfhrlem2CL/UcnUc1zcqKAImBDzukY7Y5F/yQiNdko6+fRLevlw1HgMySw7f611UIY408EtxRSoK3Q==",
      "dependencies": {
        "js-tokens": "^3.0.0 || ^4.0.0"
      },
      "bin": {
        "loose-envify": "cli.js"
      }
    },
    "node_modules/react": {
      "resolved": "../../node_modules/.pnpm/react@18.2.0/node_modules/react",
      "link": true
    },
    "node_modules/react-dom": {
      "version": "18.2.0",
      "resolved": "https://registry.npmjs.org/react-dom/-/react-dom-18.2.0.tgz",
      "integrity": "sha512-6IMTriUmvsjHUjNtEDudZfuDQUoWXVxKHhlEGSk81n4YFS+r/Kl99wXiwlVXtPBtJenozv2P+hxDsw9eA7Xo6g==",
      "dependencies": {
        "loose-envify": "^1.1.0",
        "scheduler": "^0.23.0"
      },
      "peerDependencies": {
        "react": "^18.2.0"
      }
    },
    "node_modules/scheduler": {
      "version": "0.23.0",
      "resolved": "https://registry.npmjs.org/scheduler/-/scheduler-0.23.0.tgz",
      "integrity": "sha512-CtuThmgHNg7zIZWAXi3AsyIzA3n4xx7aNyjwC2VJldO2LMVDhFK+63xGqq6CsJH4rTAt6/M+N4GhZiDYPx9eUw==",
      "dependencies": {
        "loose-envify": "^1.1.0"
      }
    }
  },
  "dependencies": {
    "@oplayer/core": {
      "version": "file:../../packages/core"
    },
    "@oplayer/danmaku": {
      "version": "file:../../packages/danmaku",
      "requires": {
        "@oplayer/core": "workspace:*",
        "danmaku": "^2.0.6"
      },
      "dependencies": {
        "@oplayer/core": {
          "version": "file:../../packages/core"
        },
        "danmaku": {
          "version": "file:../../node_modules/.pnpm/danmaku@2.0.6/node_modules/danmaku",
          "requires": {
            "@rollup/plugin-replace": "^2.3.3",
            "chai": "4.2.0",
            "es6-promise": "^4.2.8",
            "eslint": "^7.6.0",
            "karma": "^5.1.1",
            "karma-chai": "^0.1.0",
            "karma-chrome-launcher": "^3.1.0",
            "karma-coverage": "^2.0.3",
            "karma-mocha": "^2.0.1",
            "karma-rollup-preprocessor": "^7.0.5",
            "karma-sauce-launcher": "^1.2.0",
            "mocha": "^4.1.0",
            "rollup": "^2.23.0",
            "rollup-plugin-istanbul": "^2.0.1",
            "rollup-plugin-terser": "^6.1.0"
          }
        }
      }
    },
    "@oplayer/dash": {
      "version": "file:../../packages/dash",
      "requires": {
        "@oplayer/core": "workspace:*",
        "dashjs": "^4.7.2"
      },
      "dependencies": {
        "@oplayer/core": {
          "version": "file:../../packages/core"
        },
        "dashjs": {
          "version": "file:../../node_modules/.pnpm/dashjs@4.7.0/node_modules/dashjs",
          "requires": {
            "@babel/core": "^7.13.8",
            "@babel/eslint-parser": "^7.13.14",
            "@babel/preset-env": "^7.13.12",
            "babel": "^5.3.1",
            "babel-eslint": "^10.1.0",
            "babel-loader": "^8.2.2",
            "babel-preset-env": "^1.7.0",
            "bcp-47-match": "^1.0.3",
            "bcp-47-normalize": "^1.1.1",
            "chai": "^3.4.1",
            "chai-spies": "^1.0.0",
            "codem-isoboxer": "0.3.9",
            "es6-promise": "^4.2.8",
            "eslint": "^7.23.0",
            "eslint-webpack-plugin": "^2.5.3",
            "fast-deep-equal": "2.0.1",
            "ftp-deploy": "^2.4.1",
            "html-entities": "^1.2.1",
            "imsc": "^1.1.3",
            "ink-docstrap": "^1.3.2",
            "intern": "^4.9.1",
            "jsdoc": "^3.6.7",
            "karma": "^6.4.1",
            "karma-chai": "^0.1.0",
            "karma-chrome-launcher": "^3.1.1",
            "karma-coverage": "^2.2.0",
            "karma-firefox-launcher": "^2.1.2",
            "karma-mocha": "^2.0.1",
            "karma-mocha-reporter": "^2.2.5",
            "karma-sourcemap-loader": "^0.3.8",
            "karma-webpack": "^5.0.0",
            "localforage": "^1.7.1",
            "mocha": "^10.1.0",
            "path-browserify": "^1.0.1",
            "replace-in-file": "^6.2.0",
            "rimraf": "^3.0.2",
            "sinon": "^7.3.2",
            "stream-browserify": "^3.0.0",
            "string-replace-loader": "^3.0.1",
            "typescript": "^4.1.5",
            "ua-parser-js": "^1.0.2",
            "webpack": "^5.75.0",
            "webpack-cli": "^5.0.1",
            "webpack-dev-server": "^4.11.1",
            "webpack-merge": "^5.7.3",
            "yargs": "16.0.3"
          }
        }
      }
    },
    "@oplayer/hls": {
      "version": "file:../../packages/hls",
      "requires": {
        "@oplayer/core": "workspace:*",
        "hls.js": "^1.4.12"
      },
      "dependencies": {
        "@oplayer/core": {
          "version": "file:../../packages/core"
        },
        "hls.js": {
          "version": "file:../../node_modules/.pnpm/hls.js@1.4.3/node_modules/hls.js",
          "requires": {
            "@babel/core": "7.21.8",
            "@babel/helper-module-imports": "7.21.4",
            "@babel/plugin-proposal-class-properties": "7.18.6",
            "@babel/plugin-proposal-object-rest-spread": "7.20.7",
            "@babel/plugin-proposal-optional-chaining": "7.21.0",
            "@babel/plugin-transform-object-assign": "7.18.6",
            "@babel/preset-env": "7.21.5",
            "@babel/preset-typescript": "7.21.5",
            "@babel/register": "7.21.0",
            "@microsoft/api-documenter": "7.22.4",
            "@microsoft/api-extractor": "7.34.8",
            "@rollup/plugin-alias": "5.0.0",
            "@rollup/plugin-babel": "6.0.3",
            "@rollup/plugin-commonjs": "24.1.0",
            "@rollup/plugin-node-resolve": "15.0.2",
            "@rollup/plugin-replace": "5.0.2",
            "@rollup/plugin-terser": "0.4.1",
            "@rollup/plugin-typescript": "11.1.0",
            "@types/chai": "4.3.5",
            "@types/chart.js": "2.9.37",
            "@types/mocha": "10.0.1",
            "@types/sinon-chai": "3.2.9",
            "@typescript-eslint/eslint-plugin": "5.59.2",
            "@typescript-eslint/parser": "5.59.2",
            "babel-loader": "9.1.2",
            "babel-plugin-transform-remove-console": "6.9.4",
            "chai": "4.3.7",
            "chart.js": "2.9.4",
            "chromedriver": "112.0.1",
            "doctoc": "2.2.1",
            "es-check": "7.1.1",
            "eslint": "8.39.0",
            "eslint-config-prettier": "8.8.0",
            "eslint-plugin-import": "2.27.5",
            "eslint-plugin-mocha": "10.1.0",
            "eslint-plugin-node": "11.1.0",
            "eslint-plugin-promise": "6.1.1",
            "eventemitter3": "5.0.1",
            "http-server": "14.1.1",
            "husky": "8.0.3",
            "jsonpack": "1.1.5",
            "karma": "6.4.2",
            "karma-chrome-launcher": "3.2.0",
            "karma-coverage": "2.2.0",
            "karma-mocha": "2.0.1",
            "karma-mocha-reporter": "2.2.5",
            "karma-rollup-preprocessor": "7.0.8",
            "karma-sinon-chai": "2.0.2",
            "karma-sourcemap-loader": "0.4.0",
            "lint-staged": "13.2.2",
            "markdown-styles": "3.2.0",
            "micromatch": "4.0.5",
            "mocha": "10.2.0",
            "node-fetch": "3.3.1",
            "npm-run-all": "4.1.5",
            "prettier": "2.8.8",
            "promise-polyfill": "8.3.0",
            "rollup": "3.21.5",
            "rollup-plugin-istanbul": "4.0.0",
            "sauce-connect-launcher": "1.3.2",
            "selenium-webdriver": "4.9.0",
            "semver": "7.5.0",
            "sinon": "15.0.4",
            "sinon-chai": "3.7.0",
            "typescript": "5.0.4",
            "url-toolkit": "2.2.5",
            "wrangler": "2.20.0"
          }
        }
      }
    },
    "@oplayer/mpegts": {
      "version": "file:../../packages/mpegts",
      "requires": {
        "@oplayer/core": "workspace:*",
        "mpegts.js": "^1.7.3"
      },
      "dependencies": {
        "@oplayer/core": {
          "version": "file:../../packages/core"
        },
        "mpegts.js": {
          "version": "file:../../node_modules/.pnpm/mpegts.js@1.7.3/node_modules/mpegts.js",
          "requires": {
            "@types/express-serve-static-core": "4.17.30",
            "@types/node": "^10.12.18",
            "@typescript-eslint/eslint-plugin": "^1.4.2",
            "@typescript-eslint/parser": "^1.4.2",
            "@webpack-cli/serve": "^1.7.0",
            "browser-sync": "^2.26.10",
            "es6-promise": "^4.2.5",
            "eslint": "^5.15.0",
            "exports-loader": "^0.7.0",
            "file-loader": "^3.0.1",
            "loader-utils": ">=1.4.1",
            "minimist": ">=1.2.6",
            "socket.io-parser": ">=3.3.3",
            "source-map-loader": "^0.2.4",
            "ssri": ">=8.0.1",
            "terser-webpack-plugin": "^1.2.3",
            "ts-loader": "^5.3.2",
            "typescript": "^3.2.2",
            "webpack": "^4.28.3",
            "webpack-cli": "^4.4.0",
            "webpack-dev-server": "^4.9.3",
            "webworkify-webpack": "^2.1.5",
            "ws": ">=7.4.6",
            "xmlhttprequest-ssl": ">=1.6.2"
          }
        }
      }
    },
    "@oplayer/plugins": {
      "version": "file:../../packages/plugins",
      "requires": {
        "@oplayer/core": "workspace:*",
        "@oplayer/ui": "workspace:*",
        "@types/chromecast-caf-sender": "^1.0.7",
        "chokidar": "^3.5.3",
        "glob": "^10.3.10",
        "m3u8-parser": "^7.1.0",
        "vite-plugin-css-injected-by-js": "^3.3.0"
      },
      "dependencies": {
        "@oplayer/core": {
          "version": "file:../../packages/core"
        },
        "@oplayer/ui": {
          "version": "file:../../packages/ui",
          "requires": {
            "@oplayer/core": "workspace:*"
          },
          "dependencies": {
            "@oplayer/core": {
              "version": "file:../../packages/core"
            }
          }
        },
        "chokidar": {
          "version": "file:../../node_modules/.pnpm/chokidar@3.5.3/node_modules/chokidar",
          "requires": {
            "@types/node": "^14",
            "anymatch": "~3.1.2",
            "braces": "~3.0.2",
            "chai": "^4.3",
            "dtslint": "^3.3.0",
            "eslint": "^7.0.0",
            "fsevents": "~2.3.2",
            "glob-parent": "~5.1.2",
            "is-binary-path": "~2.1.0",
            "is-glob": "~4.0.1",
            "mocha": "^7.0.0",
            "normalize-path": "~3.0.0",
            "nyc": "^15.0.0",
            "readdirp": "~3.6.0",
            "rimraf": "^3.0.0",
            "sinon": "^9.0.1",
            "sinon-chai": "^3.3.0",
            "typescript": "~4.4.3",
            "upath": "^1.2.0"
          }
        },
        "glob": {
          "version": "file:../../node_modules/.pnpm/glob@10.2.5/node_modules/glob",
          "requires": {
            "@types/node": "^18.11.18",
            "@types/tap": "^15.0.7",
            "c8": "^7.12.0",
            "foreground-child": "^3.1.0",
            "jackspeak": "^2.0.3",
            "memfs": "^3.4.13",
            "minimatch": "^9.0.0",
            "minipass": "^5.0.0 || ^6.0.2",
            "mkdirp": "^2.1.4",
            "path-scurry": "^1.7.0",
            "prettier": "^2.8.3",
            "rimraf": "^4.1.3",
            "tap": "^16.3.4",
            "ts-node": "^10.9.1",
            "typedoc": "^0.23.24",
            "typescript": "^4.9.4"
          }
        },
        "vite-plugin-css-injected-by-js": {
          "version": "file:../../node_modules/.pnpm/vite-plugin-css-injected-by-js@3.1.1_vite@4.3.8/node_modules/vite-plugin-css-injected-by-js",
          "requires": {
            "@types/node": "^18.11.15",
            "@vitest/coverage-istanbul": "^0.27.2",
            "happy-dom": "^8.1.3",
            "prettier": "^2.8.1",
            "typescript": "^4.9.4",
            "vite": "^4.0.1",
            "vitest": "^0.27.0"
          }
        }
      }
    },
    "@oplayer/react": {
      "version": "file:../../packages/react",
      "requires": {
        "@oplayer/core": "workspace:*",
        "@types/react": "^18.2.31",
        "react": "^18.2.0",
        "react-dom": "^18.2.0"
      }
    },
    "@oplayer/ui": {
      "version": "file:../../packages/ui",
      "requires": {
        "@oplayer/core": "workspace:*"
      },
      "dependencies": {
        "@oplayer/core": {
          "version": "file:../../packages/core"
        }
      }
    },
    "@types/prop-types": {
      "version": "15.7.5",
      "resolved": "https://registry.npmjs.org/@types/prop-types/-/prop-types-15.7.5.tgz",
      "integrity": "sha512-JCB8C6SnDoQf0cNycqd/35A7MjcnK+ZTqE7judS6o7utxUCg6imJg3QK2qzHKszlTjcj2cn+NwMB2i96ubpj7w=="
    },
    "@types/react": {
      "version": "18.2.6",
      "resolved": "https://registry.npmjs.org/@types/react/-/react-18.2.6.tgz",
      "integrity": "sha512-wRZClXn//zxCFW+ye/D2qY65UsYP1Fpex2YXorHc8awoNamkMZSvBxwxdYVInsHOZZd2Ppq8isnSzJL5Mpf8OA==",
      "requires": {
        "@types/prop-types": "*",
        "@types/scheduler": "*",
        "csstype": "^3.0.2"
      }
    },
    "@types/react-dom": {
      "version": "18.2.4",
      "resolved": "https://registry.npmjs.org/@types/react-dom/-/react-dom-18.2.4.tgz",
      "integrity": "sha512-G2mHoTMTL4yoydITgOGwWdWMVd8sNgyEP85xVmMKAPUBwQWm9wBPQUmvbeF4V3WBY1P7mmL4BkjQ0SqUpf1snw==",
      "requires": {
        "@types/react": "*"
      }
    },
    "@types/scheduler": {
      "version": "0.16.3",
      "resolved": "https://registry.npmjs.org/@types/scheduler/-/scheduler-0.16.3.tgz",
      "integrity": "sha512-5cJ8CB4yAx7BH1oMvdU0Jh9lrEXyPkar6F9G/ERswkCuvP4KQZfZkSjcMbAICCpQTN4OuZn8tz0HiKv9TGZgrQ=="
    },
    "csstype": {
      "version": "3.1.2",
      "resolved": "https://registry.npmjs.org/csstype/-/csstype-3.1.2.tgz",
      "integrity": "sha512-I7K1Uu0MBPzaFKg4nI5Q7Vs2t+3gWWW648spaF+Rg7pI9ds18Ugn+lvg4SHczUdKlHI5LWBXyqfS8+DufyBsgQ=="
    },
    "js-tokens": {
      "version": "4.0.0",
      "resolved": "https://registry.npmjs.org/js-tokens/-/js-tokens-4.0.0.tgz",
      "integrity": "sha512-RdJUflcE3cUzKiMqQgsCu06FPu9UdIJO0beYbPhHN4k6apgJtifcoCtT9bcxOpYBtpD2kCM6Sbzg4CausW/PKQ=="
    },
    "loose-envify": {
      "version": "1.4.0",
      "resolved": "https://registry.npmjs.org/loose-envify/-/loose-envify-1.4.0.tgz",
      "integrity": "sha512-lyuxPGr/Wfhrlem2CL/UcnUc1zcqKAImBDzukY7Y5F/yQiNdko6+fRLevlw1HgMySw7f611UIY408EtxRSoK3Q==",
      "requires": {
        "js-tokens": "^3.0.0 || ^4.0.0"
      }
    },
    "react": {
      "version": "file:../../node_modules/.pnpm/react@18.2.0/node_modules/react",
      "requires": {
        "loose-envify": "^1.1.0"
      }
    },
    "react-dom": {
      "version": "18.2.0",
      "resolved": "https://registry.npmjs.org/react-dom/-/react-dom-18.2.0.tgz",
      "integrity": "sha512-6IMTriUmvsjHUjNtEDudZfuDQUoWXVxKHhlEGSk81n4YFS+r/Kl99wXiwlVXtPBtJenozv2P+hxDsw9eA7Xo6g==",
      "requires": {
        "loose-envify": "^1.1.0",
        "scheduler": "^0.23.0"
      }
    },
    "scheduler": {
      "version": "0.23.0",
      "resolved": "https://registry.npmjs.org/scheduler/-/scheduler-0.23.0.tgz",
      "integrity": "sha512-CtuThmgHNg7zIZWAXi3AsyIzA3n4xx7aNyjwC2VJldO2LMVDhFK+63xGqq6CsJH4rTAt6/M+N4GhZiDYPx9eUw==",
      "requires": {
        "loose-envify": "^1.1.0"
      }
    }
  }
}
